// !$*UTF8*$!
{
	archiveVersion = 1;
	classes = {
	};
	objectVersion = 50;
	objects = {

/* Begin PBXBuildFile section */
		D135B17A23A9FB7000389299 /* AppDelegate.swift in Sources */ = {isa = PBXBuildFile; fileRef = D135B17923A9FB7000389299 /* AppDelegate.swift */; };
		D135B17C23A9FB7000389299 /* SceneDelegate.swift in Sources */ = {isa = PBXBuildFile; fileRef = D135B17B23A9FB7000389299 /* SceneDelegate.swift */; };
		D135B17E23A9FB7000389299 /* ViewController.swift in Sources */ = {isa = PBXBuildFile; fileRef = D135B17D23A9FB7000389299 /* ViewController.swift */; };
		D135B18123A9FB7000389299 /* Main.storyboard in Resources */ = {isa = PBXBuildFile; fileRef = D135B17F23A9FB7000389299 /* Main.storyboard */; };
		D135B18323A9FB7300389299 /* Assets.xcassets in Resources */ = {isa = PBXBuildFile; fileRef = D135B18223A9FB7300389299 /* Assets.xcassets */; };
		D135B18623A9FB7300389299 /* LaunchScreen.storyboard in Resources */ = {isa = PBXBuildFile; fileRef = D135B18423A9FB7300389299 /* LaunchScreen.storyboard */; };
		D135B19123A9FB7300389299 /* testCallotherAppTests.swift in Sources */ = {isa = PBXBuildFile; fileRef = D135B19023A9FB7300389299 /* testCallotherAppTests.swift */; };
		D135B19C23A9FB7300389299 /* testCallotherAppUITests.swift in Sources */ = {isa = PBXBuildFile; fileRef = D135B19B23A9FB7300389299 /* testCallotherAppUITests.swift */; };
/* End PBXBuildFile section */

/* Begin PBXContainerItemProxy section */
		D135B18D23A9FB7300389299 /* PBXContainerItemProxy */ = {
			isa = PBXContainerItemProxy;
			containerPortal = D135B16E23A9FB7000389299 /* Project object */;
			proxyType = 1;
			remoteGlobalIDString = D135B17523A9FB7000389299;
			remoteInfo = testCallotherApp;
		};
		D135B19823A9FB7300389299 /* PBXContainerItemProxy */ = {
			isa = PBXContainerItemProxy;
			containerPortal = D135B16E23A9FB7000389299 /* Project object */;
			proxyType = 1;
			remoteGlobalIDString = D135B17523A9FB7000389299;
			remoteInfo = testCallotherApp;
		};
/* End PBXContainerItemProxy section */

/* Begin PBXFileReference section */
		D135B17623A9FB7000389299 /* testCallotherApp.app */ = {isa = PBXFileReference; explicitFileType = wrapper.application; includeInIndex = 0; path = testCallotherApp.app; sourceTree = BUILT_PRODUCTS_DIR; };
		D135B17923A9FB7000389299 /* AppDelegate.swift */ = {isa = PBXFileReference; lastKnownFileType = sourcecode.swift; path = AppDelegate.swift; sourceTree = "<group>"; };
		D135B17B23A9FB7000389299 /* SceneDelegate.swift */ = {isa = PBXFileReference; lastKnownFileType = sourcecode.swift; path = SceneDelegate.swift; sourceTree = "<group>"; };
		D135B17D23A9FB7000389299 /* ViewController.swift */ = {isa = PBXFileReference; lastKnownFileType = sourcecode.swift; path = ViewController.swift; sourceTree = "<group>"; };
		D135B18023A9FB7000389299 /* Base */ = {isa = PBXFileReference; lastKnownFileType = file.storyboard; name = Base; path = Base.lproj/Main.storyboard; sourceTree = "<group>"; };
		D135B18223A9FB7300389299 /* Assets.xcassets */ = {isa = PBXFileReference; lastKnownFileType = folder.assetcatalog; path = Assets.xcassets; sourceTree = "<group>"; };
		D135B18523A9FB7300389299 /* Base */ = {isa = PBXFileReference; lastKnownFileType = file.storyboard; name = Base; path = Base.lproj/LaunchScreen.storyboard; sourceTree = "<group>"; };
		D135B18723A9FB7300389299 /* Info.plist */ = {isa = PBXFileReference; lastKnownFileType = text.plist.xml; path = Info.plist; sourceTree = "<group>"; };
		D135B18C23A9FB7300389299 /* testCallotherAppTests.xctest */ = {isa = PBXFileReference; explicitFileType = wrapper.cfbundle; includeInIndex = 0; path = testCallotherAppTests.xctest; sourceTree = BUILT_PRODUCTS_DIR; };
		D135B19023A9FB7300389299 /* testCallotherAppTests.swift */ = {isa = PBXFileReference; lastKnownFileType = sourcecode.swift; path = testCallotherAppTests.swift; sourceTree = "<group>"; };
		D135B19223A9FB7300389299 /* Info.plist */ = {isa = PBXFileReference; lastKnownFileType = text.plist.xml; path = Info.plist; sourceTree = "<group>"; };
		D135B19723A9FB7300389299 /* testCallotherAppUITests.xctest */ = {isa = PBXFileReference; explicitFileType = wrapper.cfbundle; includeInIndex = 0; path = testCallotherAppUITests.xctest; sourceTree = BUILT_PRODUCTS_DIR; };
		D135B19B23A9FB7300389299 /* testCallotherAppUITests.swift */ = {isa = PBXFileReference; lastKnownFileType = sourcecode.swift; path = testCallotherAppUITests.swift; sourceTree = "<group>"; };
		D135B19D23A9FB7300389299 /* Info.plist */ = {isa = PBXFileReference; lastKnownFileType = text.plist.xml; path = Info.plist; sourceTree = "<group>"; };
/* End PBXFileReference section */

/* Begin PBXFrameworksBuildPhase section */
		D135B17323A9FB7000389299 /* Frameworks */ = {
			isa = PBXFrameworksBuildPhase;
			buildActionMask = 2147483647;
			files = (
			);
			runOnlyForDeploymentPostprocessing = 0;
		};
		D135B18923A9FB7300389299 /* Frameworks */ = {
			isa = PBXFrameworksBuildPhase;
			buildActionMask = 2147483647;
			files = (
			);
			runOnlyForDeploymentPostprocessing = 0;
		};
		D135B19423A9FB7300389299 /* Frameworks */ = {
			isa = PBXFrameworksBuildPhase;
			buildActionMask = 2147483647;
			files = (
			);
			runOnlyForDeploymentPostprocessing = 0;
		};
/* End PBXFrameworksBuildPhase section */

/* Begin PBXGroup section */
		D135B16D23A9FB7000389299 = {
			isa = PBXGroup;
			children = (
				D135B17823A9FB7000389299 /* testCallotherApp */,
				D135B18F23A9FB7300389299 /* testCallotherAppTests */,
				D135B19A23A9FB7300389299 /* testCallotherAppUITests */,
				D135B17723A9FB7000389299 /* Products */,
			);
			sourceTree = "<group>";
		};
		D135B17723A9FB7000389299 /* Products */ = {
			isa = PBXGroup;
			children = (
				D135B17623A9FB7000389299 /* testCallotherApp.app */,
				D135B18C23A9FB7300389299 /* testCallotherAppTests.xctest */,
				D135B19723A9FB7300389299 /* testCallotherAppUITests.xctest */,
			);
			name = Products;
			sourceTree = "<group>";
		};
		D135B17823A9FB7000389299 /* testCallotherApp */ = {
			isa = PBXGroup;
			children = (
				D135B17923A9FB7000389299 /* AppDelegate.swift */,
				D135B17B23A9FB7000389299 /* SceneDelegate.swift */,
				D135B17D23A9FB7000389299 /* ViewController.swift */,
				D135B17F23A9FB7000389299 /* Main.storyboard */,
				D135B18223A9FB7300389299 /* Assets.xcassets */,
				D135B18423A9FB7300389299 /* LaunchScreen.storyboard */,
				D135B18723A9FB7300389299 /* Info.plist */,
			);
			path = testCallotherApp;
			sourceTree = "<group>";
		};
		D135B18F23A9FB7300389299 /* testCallotherAppTests */ = {
			isa = PBXGroup;
			children = (
				D135B19023A9FB7300389299 /* testCallotherAppTests.swift */,
				D135B19223A9FB7300389299 /* Info.plist */,
			);
			path = testCallotherAppTests;
			sourceTree = "<group>";
		};
		D135B19A23A9FB7300389299 /* testCallotherAppUITests */ = {
			isa = PBXGroup;
			children = (
				D135B19B23A9FB7300389299 /* testCallotherAppUITests.swift */,
				D135B19D23A9FB7300389299 /* Info.plist */,
			);
			path = testCallotherAppUITests;
			sourceTree = "<group>";
		};
/* End PBXGroup section */

/* Begin PBXNativeTarget section */
		D135B17523A9FB7000389299 /* testCallotherApp */ = {
			isa = PBXNativeTarget;
			buildConfigurationList = D135B1A023A9FB7300389299 /* Build configuration list for PBXNativeTarget "testCallotherApp" */;
			buildPhases = (
				D135B17223A9FB7000389299 /* Sources */,
				D135B17323A9FB7000389299 /* Frameworks */,
				D135B17423A9FB7000389299 /* Resources */,
			);
			buildRules = (
			);
			dependencies = (
			);
			name = testCallotherApp;
			productName = testCallotherApp;
			productReference = D135B17623A9FB7000389299 /* testCallotherApp.app */;
			productType = "com.apple.product-type.application";
		};
		D135B18B23A9FB7300389299 /* testCallotherAppTests */ = {
			isa = PBXNativeTarget;
			buildConfigurationList = D135B1A323A9FB7300389299 /* Build configuration list for PBXNativeTarget "testCallotherAppTests" */;
			buildPhases = (
				D135B18823A9FB7300389299 /* Sources */,
				D135B18923A9FB7300389299 /* Frameworks */,
				D135B18A23A9FB7300389299 /* Resources */,
			);
			buildRules = (
			);
			dependencies = (
				D135B18E23A9FB7300389299 /* PBXTargetDependency */,
			);
			name = testCallotherAppTests;
			productName = testCallotherAppTests;
			productReference = D135B18C23A9FB7300389299 /* testCallotherAppTests.xctest */;
			productType = "com.apple.product-type.bundle.unit-test";
		};
		D135B19623A9FB7300389299 /* testCallotherAppUITests */ = {
			isa = PBXNativeTarget;
			buildConfigurationList = D135B1A623A9FB7300389299 /* Build configuration list for PBXNativeTarget "testCallotherAppUITests" */;
			buildPhases = (
				D135B19323A9FB7300389299 /* Sources */,
				D135B19423A9FB7300389299 /* Frameworks */,
				D135B19523A9FB7300389299 /* Resources */,
			);
			buildRules = (
			);
			dependencies = (
				D135B19923A9FB7300389299 /* PBXTargetDependency */,
			);
			name = testCallotherAppUITests;
			productName = testCallotherAppUITests;
			productReference = D135B19723A9FB7300389299 /* testCallotherAppUITests.xctest */;
			productType = "com.apple.product-type.bundle.ui-testing";
		};
/* End PBXNativeTarget section */

/* Begin PBXProject section */
		D135B16E23A9FB7000389299 /* Project object */ = {
			isa = PBXProject;
			attributes = {
				LastSwiftUpdateCheck = 1110;
				LastUpgradeCheck = 1110;
				ORGANIZATIONNAME = IUser;
				TargetAttributes = {
					D135B17523A9FB7000389299 = {
						CreatedOnToolsVersion = 11.1;
					};
					D135B18B23A9FB7300389299 = {
						CreatedOnToolsVersion = 11.1;
						TestTargetID = D135B17523A9FB7000389299;
					};
					D135B19623A9FB7300389299 = {
						CreatedOnToolsVersion = 11.1;
						TestTargetID = D135B17523A9FB7000389299;
					};
				};
			};
			buildConfigurationList = D135B17123A9FB7000389299 /* Build configuration list for PBXProject "testCallotherApp" */;
			compatibilityVersion = "Xcode 9.3";
			developmentRegion = en;
			hasScannedForEncodings = 0;
			knownRegions = (
				en,
				Base,
			);
			mainGroup = D135B16D23A9FB7000389299;
			productRefGroup = D135B17723A9FB7000389299 /* Products */;
			projectDirPath = "";
			projectRoot = "";
			targets = (
				D135B17523A9FB7000389299 /* testCallotherApp */,
				D135B18B23A9FB7300389299 /* testCallotherAppTests */,
				D135B19623A9FB7300389299 /* testCallotherAppUITests */,
			);
		};
/* End PBXProject section */

/* Begin PBXResourcesBuildPhase section */
		D135B17423A9FB7000389299 /* Resources */ = {
			isa = PBXResourcesBuildPhase;
			buildActionMask = 2147483647;
			files = (
				D135B18623A9FB7300389299 /* LaunchScreen.storyboard in Resources */,
				D135B18323A9FB7300389299 /* Assets.xcassets in Resources */,
				D135B18123A9FB7000389299 /* Main.storyboard in Resources */,
			);
			runOnlyForDeploymentPostprocessing = 0;
		};
		D135B18A23A9FB7300389299 /* Resources */ = {
			isa = PBXResourcesBuildPhase;
			buildActionMask = 2147483647;
			files = (
			);
			runOnlyForDeploymentPostprocessing = 0;
		};
		D135B19523A9FB7300389299 /* Resources */ = {
			isa = PBXResourcesBuildPhase;
			buildActionMask = 2147483647;
			files = (
			);
			runOnlyForDeploymentPostprocessing = 0;
		};
/* End PBXResourcesBuildPhase section */

/* Begin PBXSourcesBuildPhase section */
		D135B17223A9FB7000389299 /* Sources */ = {
			isa = PBXSourcesBuildPhase;
			buildActionMask = 2147483647;
			files = (
				D135B17E23A9FB7000389299 /* ViewController.swift in Sources */,
				D135B17A23A9FB7000389299 /* AppDelegate.swift in Sources */,
				D135B17C23A9FB7000389299 /* SceneDelegate.swift in Sources */,
			);
			runOnlyForDeploymentPostprocessing = 0;
		};
		D135B18823A9FB7300389299 /* Sources */ = {
			isa = PBXSourcesBuildPhase;
			buildActionMask = 2147483647;
			files = (
				D135B19123A9FB7300389299 /* testCallotherAppTests.swift in Sources */,
			);
			runOnlyForDeploymentPostprocessing = 0;
		};
		D135B19323A9FB7300389299 /* Sources */ = {
			isa = PBXSourcesBuildPhase;
			buildActionMask = 2147483647;
			files = (
				D135B19C23A9FB7300389299 /* testCallotherAppUITests.swift in Sources */,
			);
			runOnlyForDeploymentPostprocessing = 0;
		};
/* End PBXSourcesBuildPhase section */

/* Begin PBXTargetDependency section */
		D135B18E23A9FB7300389299 /* PBXTargetDependency */ = {
			isa = PBXTargetDependency;
			target = D135B17523A9FB7000389299 /* testCallotherApp */;
			targetProxy = D135B18D23A9FB7300389299 /* PBXContainerItemProxy */;
		};
		D135B19923A9FB7300389299 /* PBXTargetDependency */ = {
			isa = PBXTargetDependency;
			target = D135B17523A9FB7000389299 /* testCallotherApp */;
			targetProxy = D135B19823A9FB7300389299 /* PBXContainerItemProxy */;
		};
/* End PBXTargetDependency section */

/* Begin PBXVariantGroup section */
		D135B17F23A9FB7000389299 /* Main.storyboard */ = {
			isa = PBXVariantGroup;
			children = (
				D135B18023A9FB7000389299 /* Base */,
			);
			name = Main.storyboard;
			sourceTree = "<group>";
		};
		D135B18423A9FB7300389299 /* LaunchScreen.storyboard */ = {
			isa = PBXVariantGroup;
			children = (
				D135B18523A9FB7300389299 /* Base */,
			);
			name = LaunchScreen.storyboard;
			sourceTree = "<group>";
		};
/* End PBXVariantGroup section */

/* Begin XCBuildConfiguration section */
		D135B19E23A9FB7300389299 /* Debug */ = {
			isa = XCBuildConfiguration;
			buildSettings = {
				ALWAYS_SEARCH_USER_PATHS = NO;
				CLANG_ANALYZER_NONNULL = YES;
				CLANG_ANALYZER_NUMBER_OBJECT_CONVERSION = YES_AGGRESSIVE;
				CLANG_CXX_LANGUAGE_STANDARD = "gnu++14";
				CLANG_CXX_LIBRARY = "libc++";
				CLANG_ENABLE_MODULES = YES;
				CLANG_ENABLE_OBJC_ARC = YES;
				CLANG_ENABLE_OBJC_WEAK = YES;
				CLANG_WARN_BLOCK_CAPTURE_AUTORELEASING = YES;
				CLANG_WARN_BOOL_CONVERSION = YES;
				CLANG_WARN_COMMA = YES;
				CLANG_WARN_CONSTANT_CONVERSION = YES;
				CLANG_WARN_DEPRECATED_OBJC_IMPLEMENTATIONS = YES;
				CLANG_WARN_DIRECT_OBJC_ISA_USAGE = YES_ERROR;
				CLANG_WARN_DOCUMENTATION_COMMENTS = YES;
				CLANG_WARN_EMPTY_BODY = YES;
				CLANG_WARN_ENUM_CONVERSION = YES;
				CLANG_WARN_INFINITE_RECURSION = YES;
				CLANG_WARN_INT_CONVERSION = YES;
				CLANG_WARN_NON_LITERAL_NULL_CONVERSION = YES;
				CLANG_WARN_OBJC_IMPLICIT_RETAIN_SELF = YES;
				CLANG_WARN_OBJC_LITERAL_CONVERSION = YES;
				CLANG_WARN_OBJC_ROOT_CLASS = YES_ERROR;
				CLANG_WARN_RANGE_LOOP_ANALYSIS = YES;
				CLANG_WARN_STRICT_PROTOTYPES = YES;
				CLANG_WARN_SUSPICIOUS_MOVE = YES;
				CLANG_WARN_UNGUARDED_AVAILABILITY = YES_AGGRESSIVE;
				CLANG_WARN_UNREACHABLE_CODE = YES;
				CLANG_WARN__DUPLICATE_METHOD_MATCH = YES;
				COPY_PHASE_STRIP = NO;
				DEBUG_INFORMATION_FORMAT = dwarf;
				ENABLE_STRICT_OBJC_MSGSEND = YES;
				ENABLE_TESTABILITY = YES;
				GCC_C_LANGUAGE_STANDARD = gnu11;
				GCC_DYNAMIC_NO_PIC = NO;
				GCC_NO_COMMON_BLOCKS = YES;
				GCC_OPTIMIZATION_LEVEL = 0;
				GCC_PREPROCESSOR_DEFINITIONS = (
					"DEBUG=1",
					"$(inherited)",
				);
				GCC_WARN_64_TO_32_BIT_CONVERSION = YES;
				GCC_WARN_ABOUT_RETURN_TYPE = YES_ERROR;
				GCC_WARN_UNDECLARED_SELECTOR = YES;
				GCC_WARN_UNINITIALIZED_AUTOS = YES_AGGRESSIVE;
				GCC_WARN_UNUSED_FUNCTION = YES;
				GCC_WARN_UNUSED_VARIABLE = YES;
				IPHONEOS_DEPLOYMENT_TARGET = 13.1;
				MTL_ENABLE_DEBUG_INFO = INCLUDE_SOURCE;
				MTL_FAST_MATH = YES;
				ONLY_ACTIVE_ARCH = YES;
				SDKROOT = iphoneos;
				SWIFT_ACTIVE_COMPILATION_CONDITIONS = DEBUG;
				SWIFT_OPTIMIZATION_LEVEL = "-Onone";
			};
			name = Debug;
		};
		D135B19F23A9FB7300389299 /* Release */ = {
			isa = XCBuildConfiguration;
			buildSettings = {
				ALWAYS_SEARCH_USER_PATHS = NO;
				CLANG_ANALYZER_NONNULL = YES;
				CLANG_ANALYZER_NUMBER_OBJECT_CONVERSION = YES_AGGRESSIVE;
				CLANG_CXX_LANGUAGE_STANDARD = "gnu++14";
				CLANG_CXX_LIBRARY = "libc++";
				CLANG_ENABLE_MODULES = YES;
				CLANG_ENABLE_OBJC_ARC = YES;
				CLANG_ENABLE_OBJC_WEAK = YES;
				CLANG_WARN_BLOCK_CAPTURE_AUTORELEASING = YES;
				CLANG_WARN_BOOL_CONVERSION = YES;
				CLANG_WARN_COMMA = YES;
				CLANG_WARN_CONSTANT_CONVERSION = YES;
				CLANG_WARN_DEPRECATED_OBJC_IMPLEMENTATIONS = YES;
				CLANG_WARN_DIRECT_OBJC_ISA_USAGE = YES_ERROR;
				CLANG_WARN_DOCUMENTATION_COMMENTS = YES;
				CLANG_WARN_EMPTY_BODY = YES;
				CLANG_WARN_ENUM_CONVERSION = YES;
				CLANG_WARN_INFINITE_RECURSION = YES;
				CLANG_WARN_INT_CONVERSION = YES;
				CLANG_WARN_NON_LITERAL_NULL_CONVERSION = YES;
				CLANG_WARN_OBJC_IMPLICIT_RETAIN_SELF = YES;
				CLANG_WARN_OBJC_LITERAL_CONVERSION = YES;
				CLANG_WARN_OBJC_ROOT_CLASS = YES_ERROR;
				CLANG_WARN_RANGE_LOOP_ANALYSIS = YES;
				CLANG_WARN_STRICT_PROTOTYPES = YES;
				CLANG_WARN_SUSPICIOUS_MOVE = YES;
				CLANG_WARN_UNGUARDED_AVAILABILITY = YES_AGGRESSIVE;
				CLANG_WARN_UNREACHABLE_CODE = YES;
				CLANG_WARN__DUPLICATE_METHOD_MATCH = YES;
				COPY_PHASE_STRIP = NO;
				DEBUG_INFORMATION_FORMAT = "dwarf-with-dsym";
				ENABLE_NS_ASSERTIONS = NO;
				ENABLE_STRICT_OBJC_MSGSEND = YES;
				GCC_C_LANGUAGE_STANDARD = gnu11;
				GCC_NO_COMMON_BLOCKS = YES;
				GCC_WARN_64_TO_32_BIT_CONVERSION = YES;
				GCC_WARN_ABOUT_RETURN_TYPE = YES_ERROR;
				GCC_WARN_UNDECLARED_SELECTOR = YES;
				GCC_WARN_UNINITIALIZED_AUTOS = YES_AGGRESSIVE;
				GCC_WARN_UNUSED_FUNCTION = YES;
				GCC_WARN_UNUSED_VARIABLE = YES;
				IPHONEOS_DEPLOYMENT_TARGET = 13.1;
				MTL_ENABLE_DEBUG_INFO = NO;
				MTL_FAST_MATH = YES;
				SDKROOT = iphoneos;
				SWIFT_COMPILATION_MODE = wholemodule;
				SWIFT_OPTIMIZATION_LEVEL = "-O";
				VALIDATE_PRODUCT = YES;
			};
			name = Release;
		};
		D135B1A123A9FB7300389299 /* Debug */ = {
			isa = XCBuildConfiguration;
			buildSettings = {
				ASSETCATALOG_COMPILER_APPICON_NAME = AppIcon;
				CODE_SIGN_STYLE = Automatic;
				DEVELOPMENT_TEAM = 8R9NA68S2R;
				INFOPLIST_FILE = testCallotherApp/Info.plist;
				LD_RUNPATH_SEARCH_PATHS = (
					"$(inherited)",
					"@executable_path/Frameworks",
				);
				PRODUCT_BUNDLE_IDENTIFIER = com.blabla.testCallotherApp;
				PRODUCT_NAME = "$(TARGET_NAME)";
				SWIFT_VERSION = 5.0;
				TARGETED_DEVICE_FAMILY = "1,2";
			};
			name = Debug;
		};
		D135B1A223A9FB7300389299 /* Release */ = {
			isa = XCBuildConfiguration;
			buildSettings = {
				ASSETCATALOG_COMPILER_APPICON_NAME = AppIcon;
				CODE_SIGN_STYLE = Automatic;
				DEVELOPMENT_TEAM = 8R9NA68S2R;
				INFOPLIST_FILE = testCallotherApp/Info.plist;
				LD_RUNPATH_SEARCH_PATHS = (
					"$(inherited)",
					"@executable_path/Frameworks",
				);
				PRODUCT_BUNDLE_IDENTIFIER = com.blabla.testCallotherApp;
				PRODUCT_NAME = "$(TARGET_NAME)";
				SWIFT_VERSION = 5.0;
				TARGETED_DEVICE_FAMILY = "1,2";
			};
			name = Release;
		};
		D135B1A423A9FB7300389299 /* Debug */ = {
			isa = XCBuildConfiguration;
			buildSettings = {
				ALWAYS_EMBED_SWIFT_STANDARD_LIBRARIES = YES;
				BUNDLE_LOADER = "$(TEST_HOST)";
				CODE_SIGN_STYLE = Automatic;
				DEVELOPMENT_TEAM = 8R9NA68S2R;
				INFOPLIST_FILE = testCallotherAppTests/Info.plist;
				IPHONEOS_DEPLOYMENT_TARGET = 13.1;
				LD_RUNPATH_SEARCH_PATHS = (
					"$(inherited)",
					"@executable_path/Frameworks",
					"@loader_path/Frameworks",
				);
				PRODUCT_BUNDLE_IDENTIFIER = com.blabla.testCallotherAppTests;
				PRODUCT_NAME = "$(TARGET_NAME)";
				SWIFT_VERSION = 5.0;
				TARGETED_DEVICE_FAMILY = "1,2";
				TEST_HOST = "$(BUILT_PRODUCTS_DIR)/testCallotherApp.app/testCallotherApp";
			};
			name = Debug;
		};
		D135B1A523A9FB7300389299 /* Release */ = {
			isa = XCBuildConfiguration;
			buildSettings = {
				ALWAYS_EMBED_SWIFT_STANDARD_LIBRARIES = YES;
				BUNDLE_LOADER = "$(TEST_HOST)";
				CODE_SIGN_STYLE = Automatic;
				DEVELOPMENT_TEAM = 8R9NA68S2R;
				INFOPLIST_FILE = testCallotherAppTests/Info.plist;
				IPHONEOS_DEPLOYMENT_TARGET = 13.1;
				LD_RUNPATH_SEARCH_PATHS = (
					"$(inherited)",
					"@executable_path/Frameworks",
					"@loader_path/Frameworks",
				);
				PRODUCT_BUNDLE_IDENTIFIER = com.blabla.testCallotherAppTests;
				PRODUCT_NAME = "$(TARGET_NAME)";
				SWIFT_VERSION = 5.0;
				TARGETED_DEVICE_FAMILY = "1,2";
				TEST_HOST = "$(BUILT_PRODUCTS_DIR)/testCallotherApp.app/testCallotherApp";
			};
			name = Release;
		};
		D135B1A723A9FB7300389299 /* Debug */ = {
			isa = XCBuildConfiguration;
			buildSettings = {
				ALWAYS_EMBED_SWIFT_STANDARD_LIBRARIES = YES;
				CODE_SIGN_STYLE = Automatic;
				DEVELOPMENT_TEAM = 8R9NA68S2R;
				INFOPLIST_FILE = testCallotherAppUITests/Info.plist;
				LD_RUNPATH_SEARCH_PATHS = (
					"$(inherited)",
					"@executable_path/Frameworks",
					"@loader_path/Frameworks",
				);
				PRODUCT_BUNDLE_IDENTIFIER = com.blabla.testCallotherAppUITests;
				PRODUCT_NAME = "$(TARGET_NAME)";
				SWIFT_VERSION = 5.0;
				TARGETED_DEVICE_FAMILY = "1,2";
				TEST_TARGET_NAME = testCallotherApp;
			};
			name = Debug;
		};
		D135B1A823A9FB7300389299 /* Release */ = {
			isa = XCBuildConfiguration;
			buildSettings = {
				ALWAYS_EMBED_SWIFT_STANDARD_LIBRARIES = YES;
				CODE_SIGN_STYLE = Automatic;
				DEVELOPMENT_TEAM = 8R9NA68S2R;
				INFOPLIST_FILE = testCallotherAppUITests/Info.plist;
				LD_RUNPATH_SEARCH_PATHS = (
					"$(inherited)",
					"@executable_path/Frameworks",
					"@loader_path/Frameworks",
				);
				PRODUCT_BUNDLE_IDENTIFIER = com.blabla.testCallotherAppUITests;
				PRODUCT_NAME = "$(TARGET_NAME)";
				SWIFT_VERSION = 5.0;
				TARGETED_DEVICE_FAMILY = "1,2";
				TEST_TARGET_NAME = testCallotherApp;
			};
			name = Release;
		};
/* End XCBuildConfiguration section */

/* Begin XCConfigurationList section */
		D135B17123A9FB7000389299 /* Build configuration list for PBXProject "testCallotherApp" */ = {
			isa = XCConfigurationList;
			buildConfigurations = (
				D135B19E23A9FB7300389299 /* Debug */,
				D135B19F23A9FB7300389299 /* Release */,
			);
			defaultConfigurationIsVisible = 0;
			defaultConfigurationName = Release;
		};
		D135B1A023A9FB7300389299 /* Build configuration list for PBXNativeTarget "testCallotherApp" */ = {
			isa = XCConfigurationList;
			buildConfigurations = (
				D135B1A123A9FB7300389299 /* Debug */,
				D135B1A223A9FB7300389299 /* Release */,
			);
			defaultConfigurationIsVisible = 0;
			defaultConfigurationName = Release;
		};
		D135B1A323A9FB7300389299 /* Build configuration list for PBXNativeTarget "testCallotherAppTests" */ = {
			isa = XCConfigurationList;
			buildConfigurations = (
				D135B1A423A9FB7300389299 /* Debug */,
				D135B1A523A9FB7300389299 /* Release */,
			);
			defaultConfigurationIsVisible = 0;
			defaultConfigurationName = Release;
		};
		D135B1A623A9FB7300389299 /* Build configuration list for PBXNativeTarget "testCallotherAppUITests" */ = {
			isa = XCConfigurationList;
			buildConfigurations = (
				D135B1A723A9FB7300389299 /* Debug */,
				D135B1A823A9FB7300389299 /* Release */,
			);
			defaultConfigurationIsVisible = 0;
			defaultConfigurationName = Release;
		};
/* End XCConfigurationList section */
	};
	rootObject = D135B16E23A9FB7000389299 /* Project object */;
}
